
Microsoft Visual Studio Solution File, Format Version 12.00
# Visual Studio Version 16
VisualStudioVersion = 16.0.31410.357
MinimumVisualStudioVersion = 10.0.40219.1
Project("{FAE04EC0-301F-11D3-BF4B-00C04F79EFBC}") = "ProfessionalChatApp", "ProfessionalChatApp\ProfessionalChatApp.csproj", "{F9719B55-9F9F-4A86-A23E-A58DF069A14E}"
EndProject
Project("{FAE04EC0-301F-11D3-BF4B-00C04F79EFBC}") = "UI", "WpfApp1\UI.csproj", "{A4EC0784-CFA7-40C7-9311-438D77B0B7B8}"
EndProject
Global
	GlobalSection(SolutionConfigurationPlatforms) = preSolution
		Debug|Any CPU = Debug|Any CPU
		Release|Any CPU = Release|Any CPU
	EndGlobalSection
	GlobalSection(ProjectConfigurationPlatforms) = postSolution
		{F9719B55-9F9F-4A86-A23E-A58DF069A14E}.Debug|Any CPU.ActiveCfg = Debug|Any CPU
		{F9719B55-9F9F-4A86-A23E-A58DF069A14E}.Debug|Any CPU.Build.0 = Debug|Any CPU
		{F9719B55-9F9F-4A86-A23E-A58DF069A14E}.Release|Any CPU.ActiveCfg = Release|Any CPU
		{F9719B55-9F9F-4A86-A23E-A58DF069A14E}.Release|Any CPU.Build.0 = Release|Any CPU
		{A4EC0784-CFA7-40C7-9311-438D77B0B7B8}.Debug|Any CPU.ActiveCfg = Debug|Any CPU
		{A4EC0784-CFA7-40C7-9311-438D77B0B7B8}.Debug|Any CPU.Build.0 = Debug|Any CPU
		{A4EC0784-CFA7-40C7-9311-438D77B0B7B8}.Release|Any CPU.ActiveCfg = Release|Any CPU
		{A4EC0784-CFA7-40C7-9311-438D77B0B7B8}.Release|Any CPU.Build.0 = Release|Any CPU
	EndGlobalSection
	GlobalSection(SolutionProperties) = preSolution
		HideSolutionNode = FALSE
	EndGlobalSection
	GlobalSection(ExtensibilityGlobals) = postSolution
		SolutionGuid = {9BE0875F-45CB-4DA8-9D89-21F219DF9356}
	EndGlobalSection
EndGlobal
